// !$*UTF8*$!
{
	archiveVersion = 1;
	classes = {
	};
	objectVersion = 46;
	objects = {

/* Begin PBXBuildFile section */
		380C95851DC7712F007073A1 /* Extensions.swift in Sources */ = {isa = PBXBuildFile; fileRef = 380C95841DC7712F007073A1 /* Extensions.swift */; };
		380C95871DC77169007073A1 /* Response.swift in Sources */ = {isa = PBXBuildFile; fileRef = 380C95861DC77169007073A1 /* Response.swift */; };
		380C95891DC773D3007073A1 /* Results.swift in Sources */ = {isa = PBXBuildFile; fileRef = 380C95881DC773D3007073A1 /* Results.swift */; };
		387543F21DC6BD8600DAACBA /* PinterestLayout.swift in Sources */ = {isa = PBXBuildFile; fileRef = 387543F11DC6BD8600DAACBA /* PinterestLayout.swift */; };
		387543F41DC6BDA100DAACBA /* MainCollectionViewController.swift in Sources */ = {isa = PBXBuildFile; fileRef = 387543F31DC6BDA100DAACBA /* MainCollectionViewController.swift */; };
		387543F61DC6BE0D00DAACBA /* RoundedCornersView.swift in Sources */ = {isa = PBXBuildFile; fileRef = 387543F51DC6BE0D00DAACBA /* RoundedCornersView.swift */; };
		387543F81DC6C10400DAACBA /* PhotoCollectionViewCell.swift in Sources */ = {isa = PBXBuildFile; fileRef = 387543F71DC6C10400DAACBA /* PhotoCollectionViewCell.swift */; };
		387544001DC6C24100DAACBA /* Photo.swift in Sources */ = {isa = PBXBuildFile; fileRef = 387543FF1DC6C24100DAACBA /* Photo.swift */; };
		38C3A00C1DC5FE940032C3CE /* AppDelegate.swift in Sources */ = {isa = PBXBuildFile; fileRef = 38C3A00B1DC5FE940032C3CE /* AppDelegate.swift */; };
		38C3A0111DC5FE940032C3CE /* Main.storyboard in Resources */ = {isa = PBXBuildFile; fileRef = 38C3A00F1DC5FE940032C3CE /* Main.storyboard */; };
		38C3A0131DC5FE940032C3CE /* Assets.xcassets in Resources */ = {isa = PBXBuildFile; fileRef = 38C3A0121DC5FE940032C3CE /* Assets.xcassets */; };
		38C3A0161DC5FE940032C3CE /* LaunchScreen.storyboard in Resources */ = {isa = PBXBuildFile; fileRef = 38C3A0141DC5FE940032C3CE /* LaunchScreen.storyboard */; };
		38C3A0211DC5FE950032C3CE /* AsyncDownloaderTests.swift in Sources */ = {isa = PBXBuildFile; fileRef = 38C3A0201DC5FE950032C3CE /* AsyncDownloaderTests.swift */; };
		38C3A02C1DC5FE950032C3CE /* AsyncDownloaderUITests.swift in Sources */ = {isa = PBXBuildFile; fileRef = 38C3A02B1DC5FE950032C3CE /* AsyncDownloaderUITests.swift */; };
		38D762F51DC602B9005E83CC /* AsyncDownloader.swift in Sources */ = {isa = PBXBuildFile; fileRef = 38D762F41DC602B9005E83CC /* AsyncDownloader.swift */; };
/* End PBXBuildFile section */

/* Begin PBXContainerItemProxy section */
		38C3A01D1DC5FE950032C3CE /* PBXContainerItemProxy */ = {
			isa = PBXContainerItemProxy;
			containerPortal = 38C3A0001DC5FE940032C3CE /* Project object */;
			proxyType = 1;
			remoteGlobalIDString = 38C3A0071DC5FE940032C3CE;
			remoteInfo = AsyncDownloader;
		};
		38C3A0281DC5FE950032C3CE /* PBXContainerItemProxy */ = {
			isa = PBXContainerItemProxy;
			containerPortal = 38C3A0001DC5FE940032C3CE /* Project object */;
			proxyType = 1;
			remoteGlobalIDString = 38C3A0071DC5FE940032C3CE;
			remoteInfo = AsyncDownloader;
		};
/* End PBXContainerItemProxy section */

/* Begin PBXFileReference section */
		380C95841DC7712F007073A1 /* Extensions.swift */ = {isa = PBXFileReference; fileEncoding = 4; lastKnownFileType = sourcecode.swift; path = Extensions.swift; sourceTree = "<group>"; };
		380C95861DC77169007073A1 /* Response.swift */ = {isa = PBXFileReference; fileEncoding = 4; lastKnownFileType = sourcecode.swift; path = Response.swift; sourceTree = "<group>"; };
		380C95881DC773D3007073A1 /* Results.swift */ = {isa = PBXFileReference; fileEncoding = 4; lastKnownFileType = sourcecode.swift; path = Results.swift; sourceTree = "<group>"; };
		387543F11DC6BD8600DAACBA /* PinterestLayout.swift */ = {isa = PBXFileReference; fileEncoding = 4; lastKnownFileType = sourcecode.swift; path = PinterestLayout.swift; sourceTree = "<group>"; };
		387543F31DC6BDA100DAACBA /* MainCollectionViewController.swift */ = {isa = PBXFileReference; fileEncoding = 4; lastKnownFileType = sourcecode.swift; path = MainCollectionViewController.swift; sourceTree = "<group>"; };
		387543F51DC6BE0D00DAACBA /* RoundedCornersView.swift */ = {isa = PBXFileReference; fileEncoding = 4; lastKnownFileType = sourcecode.swift; path = RoundedCornersView.swift; sourceTree = "<group>"; };
		387543F71DC6C10400DAACBA /* PhotoCollectionViewCell.swift */ = {isa = PBXFileReference; fileEncoding = 4; lastKnownFileType = sourcecode.swift; path = PhotoCollectionViewCell.swift; sourceTree = "<group>"; };
		387543FF1DC6C24100DAACBA /* Photo.swift */ = {isa = PBXFileReference; fileEncoding = 4; lastKnownFileType = sourcecode.swift; path = Photo.swift; sourceTree = "<group>"; };
		38C3A0081DC5FE940032C3CE /* AsyncDownloader.app */ = {isa = PBXFileReference; explicitFileType = wrapper.application; includeInIndex = 0; path = AsyncDownloader.app; sourceTree = BUILT_PRODUCTS_DIR; };
		38C3A00B1DC5FE940032C3CE /* AppDelegate.swift */ = {isa = PBXFileReference; lastKnownFileType = sourcecode.swift; path = AppDelegate.swift; sourceTree = "<group>"; };
		38C3A0101DC5FE940032C3CE /* Base */ = {isa = PBXFileReference; lastKnownFileType = file.storyboard; name = Base; path = Base.lproj/Main.storyboard; sourceTree = "<group>"; };
		38C3A0121DC5FE940032C3CE /* Assets.xcassets */ = {isa = PBXFileReference; lastKnownFileType = folder.assetcatalog; path = Assets.xcassets; sourceTree = "<group>"; };
		38C3A0151DC5FE940032C3CE /* Base */ = {isa = PBXFileReference; lastKnownFileType = file.storyboard; name = Base; path = Base.lproj/LaunchScreen.storyboard; sourceTree = "<group>"; };
		38C3A0171DC5FE940032C3CE /* Info.plist */ = {isa = PBXFileReference; lastKnownFileType = text.plist.xml; path = Info.plist; sourceTree = "<group>"; };
		38C3A01C1DC5FE950032C3CE /* AsyncDownloaderTests.xctest */ = {isa = PBXFileReference; explicitFileType = wrapper.cfbundle; includeInIndex = 0; path = AsyncDownloaderTests.xctest; sourceTree = BUILT_PRODUCTS_DIR; };
		38C3A0201DC5FE950032C3CE /* AsyncDownloaderTests.swift */ = {isa = PBXFileReference; lastKnownFileType = sourcecode.swift; path = AsyncDownloaderTests.swift; sourceTree = "<group>"; };
		38C3A0221DC5FE950032C3CE /* Info.plist */ = {isa = PBXFileReference; lastKnownFileType = text.plist.xml; path = Info.plist; sourceTree = "<group>"; };
		38C3A0271DC5FE950032C3CE /* AsyncDownloaderUITests.xctest */ = {isa = PBXFileReference; explicitFileType = wrapper.cfbundle; includeInIndex = 0; path = AsyncDownloaderUITests.xctest; sourceTree = BUILT_PRODUCTS_DIR; };
		38C3A02B1DC5FE950032C3CE /* AsyncDownloaderUITests.swift */ = {isa = PBXFileReference; lastKnownFileType = sourcecode.swift; path = AsyncDownloaderUITests.swift; sourceTree = "<group>"; };
		38C3A02D1DC5FE950032C3CE /* Info.plist */ = {isa = PBXFileReference; lastKnownFileType = text.plist.xml; path = Info.plist; sourceTree = "<group>"; };
		38D762F41DC602B9005E83CC /* AsyncDownloader.swift */ = {isa = PBXFileReference; fileEncoding = 4; lastKnownFileType = sourcecode.swift; path = AsyncDownloader.swift; sourceTree = "<group>"; };
/* End PBXFileReference section */

/* Begin PBXFrameworksBuildPhase section */
		38C3A0051DC5FE940032C3CE /* Frameworks */ = {
			isa = PBXFrameworksBuildPhase;
			buildActionMask = 2147483647;
			files = (
			);
			runOnlyForDeploymentPostprocessing = 0;
		};
		38C3A0191DC5FE950032C3CE /* Frameworks */ = {
			isa = PBXFrameworksBuildPhase;
			buildActionMask = 2147483647;
			files = (
			);
			runOnlyForDeploymentPostprocessing = 0;
		};
		38C3A0241DC5FE950032C3CE /* Frameworks */ = {
			isa = PBXFrameworksBuildPhase;
			buildActionMask = 2147483647;
			files = (
			);
			runOnlyForDeploymentPostprocessing = 0;
		};
/* End PBXFrameworksBuildPhase section */

/* Begin PBXGroup section */
		387543F91DC6C10E00DAACBA /* Views */ = {
			isa = PBXGroup;
			children = (
				387543F71DC6C10400DAACBA /* PhotoCollectionViewCell.swift */,
				387543F51DC6BE0D00DAACBA /* RoundedCornersView.swift */,
			);
			name = Views;
			sourceTree = "<group>";
		};
		387543FA1DC6C13F00DAACBA /* Layouts */ = {
			isa = PBXGroup;
			children = (
				387543F11DC6BD8600DAACBA /* PinterestLayout.swift */,
			);
			name = Layouts;
			sourceTree = "<group>";
		};
		387543FB1DC6C16500DAACBA /* Controllers */ = {
			isa = PBXGroup;
			children = (
				387543F31DC6BDA100DAACBA /* MainCollectionViewController.swift */,
			);
			name = Controllers;
			sourceTree = "<group>";
		};
		387543FC1DC6C19500DAACBA /* Others */ = {
			isa = PBXGroup;
			children = (
				38C3A0171DC5FE940032C3CE /* Info.plist */,
				38C3A0121DC5FE940032C3CE /* Assets.xcassets */,
				38C3A00B1DC5FE940032C3CE /* AppDelegate.swift */,
			);
			name = Others;
			sourceTree = "<group>";
		};
		387543FD1DC6C19D00DAACBA /* Storyboards & Xibs */ = {
			isa = PBXGroup;
			children = (
				38C3A00F1DC5FE940032C3CE /* Main.storyboard */,
				38C3A0141DC5FE940032C3CE /* LaunchScreen.storyboard */,
			);
			name = "Storyboards & Xibs";
			sourceTree = "<group>";
		};
		387543FE1DC6C21600DAACBA /* Models */ = {
			isa = PBXGroup;
			children = (
				387543FF1DC6C24100DAACBA /* Photo.swift */,
			);
			name = Models;
			sourceTree = "<group>";
		};
		38C39FFF1DC5FE940032C3CE = {
			isa = PBXGroup;
			children = (
				38C3A00A1DC5FE940032C3CE /* AsyncDownloader */,
				38C3A01F1DC5FE950032C3CE /* AsyncDownloaderTests */,
				38C3A02A1DC5FE950032C3CE /* AsyncDownloaderUITests */,
				38C3A0091DC5FE940032C3CE /* Products */,
			);
			sourceTree = "<group>";
		};
		38C3A0091DC5FE940032C3CE /* Products */ = {
			isa = PBXGroup;
			children = (
				38C3A0081DC5FE940032C3CE /* AsyncDownloader.app */,
				38C3A01C1DC5FE950032C3CE /* AsyncDownloaderTests.xctest */,
				38C3A0271DC5FE950032C3CE /* AsyncDownloaderUITests.xctest */,
			);
			name = Products;
			sourceTree = "<group>";
		};
		38C3A00A1DC5FE940032C3CE /* AsyncDownloader */ = {
			isa = PBXGroup;
			children = (
				38C3A03A1DC5FEF40032C3CE /* SourceCode */,
				387543FD1DC6C19D00DAACBA /* Storyboards & Xibs */,
				387543FB1DC6C16500DAACBA /* Controllers */,
				387543FA1DC6C13F00DAACBA /* Layouts */,
				387543F91DC6C10E00DAACBA /* Views */,
				387543FE1DC6C21600DAACBA /* Models */,
				387543FC1DC6C19500DAACBA /* Others */,
			);
			path = AsyncDownloader;
			sourceTree = "<group>";
		};
		38C3A01F1DC5FE950032C3CE /* AsyncDownloaderTests */ = {
			isa = PBXGroup;
			children = (
				38C3A0201DC5FE950032C3CE /* AsyncDownloaderTests.swift */,
				38C3A0221DC5FE950032C3CE /* Info.plist */,
			);
			path = AsyncDownloaderTests;
			sourceTree = "<group>";
		};
		38C3A02A1DC5FE950032C3CE /* AsyncDownloaderUITests */ = {
			isa = PBXGroup;
			children = (
				38C3A02B1DC5FE950032C3CE /* AsyncDownloaderUITests.swift */,
				38C3A02D1DC5FE950032C3CE /* Info.plist */,
			);
			path = AsyncDownloaderUITests;
			sourceTree = "<group>";
		};
		38C3A03A1DC5FEF40032C3CE /* SourceCode */ = {
			isa = PBXGroup;
			children = (
				38D762F41DC602B9005E83CC /* AsyncDownloader.swift */,
				380C95881DC773D3007073A1 /* Results.swift */,
				380C95861DC77169007073A1 /* Response.swift */,
				380C95841DC7712F007073A1 /* Extensions.swift */,
			);
			path = SourceCode;
			sourceTree = "<group>";
		};
/* End PBXGroup section */

/* Begin PBXNativeTarget section */
		38C3A0071DC5FE940032C3CE /* AsyncDownloader */ = {
			isa = PBXNativeTarget;
			buildConfigurationList = 38C3A0301DC5FE950032C3CE /* Build configuration list for PBXNativeTarget "AsyncDownloader" */;
			buildPhases = (
				38C3A0041DC5FE940032C3CE /* Sources */,
				38C3A0051DC5FE940032C3CE /* Frameworks */,
				38C3A0061DC5FE940032C3CE /* Resources */,
			);
			buildRules = (
			);
			dependencies = (
			);
			name = AsyncDownloader;
			productName = AsyncDownloader;
			productReference = 38C3A0081DC5FE940032C3CE /* AsyncDownloader.app */;
			productType = "com.apple.product-type.application";
		};
		38C3A01B1DC5FE950032C3CE /* AsyncDownloaderTests */ = {
			isa = PBXNativeTarget;
			buildConfigurationList = 38C3A0331DC5FE950032C3CE /* Build configuration list for PBXNativeTarget "AsyncDownloaderTests" */;
			buildPhases = (
				38C3A0181DC5FE950032C3CE /* Sources */,
				38C3A0191DC5FE950032C3CE /* Frameworks */,
				38C3A01A1DC5FE950032C3CE /* Resources */,
			);
			buildRules = (
			);
			dependencies = (
				38C3A01E1DC5FE950032C3CE /* PBXTargetDependency */,
			);
			name = AsyncDownloaderTests;
			productName = AsyncDownloaderTests;
			productReference = 38C3A01C1DC5FE950032C3CE /* AsyncDownloaderTests.xctest */;
			productType = "com.apple.product-type.bundle.unit-test";
		};
		38C3A0261DC5FE950032C3CE /* AsyncDownloaderUITests */ = {
			isa = PBXNativeTarget;
			buildConfigurationList = 38C3A0361DC5FE950032C3CE /* Build configuration list for PBXNativeTarget "AsyncDownloaderUITests" */;
			buildPhases = (
				38C3A0231DC5FE950032C3CE /* Sources */,
				38C3A0241DC5FE950032C3CE /* Frameworks */,
				38C3A0251DC5FE950032C3CE /* Resources */,
			);
			buildRules = (
			);
			dependencies = (
				38C3A0291DC5FE950032C3CE /* PBXTargetDependency */,
			);
			name = AsyncDownloaderUITests;
			productName = AsyncDownloaderUITests;
			productReference = 38C3A0271DC5FE950032C3CE /* AsyncDownloaderUITests.xctest */;
			productType = "com.apple.product-type.bundle.ui-testing";
		};
/* End PBXNativeTarget section */

/* Begin PBXProject section */
		38C3A0001DC5FE940032C3CE /* Project object */ = {
			isa = PBXProject;
			attributes = {
				LastSwiftUpdateCheck = 0800;
				LastUpgradeCheck = 0800;
				ORGANIZATIONNAME = NSMohamedElalfy;
				TargetAttributes = {
					38C3A0071DC5FE940032C3CE = {
						CreatedOnToolsVersion = 8.0;
						DevelopmentTeam = 7CD55P55JM;
						ProvisioningStyle = Automatic;
					};
					38C3A01B1DC5FE950032C3CE = {
						CreatedOnToolsVersion = 8.0;
						DevelopmentTeam = 7CD55P55JM;
						ProvisioningStyle = Automatic;
						TestTargetID = 38C3A0071DC5FE940032C3CE;
					};
					38C3A0261DC5FE950032C3CE = {
						CreatedOnToolsVersion = 8.0;
						DevelopmentTeam = 7CD55P55JM;
						ProvisioningStyle = Automatic;
						TestTargetID = 38C3A0071DC5FE940032C3CE;
					};
				};
			};
			buildConfigurationList = 38C3A0031DC5FE940032C3CE /* Build configuration list for PBXProject "AsyncDownloader" */;
			compatibilityVersion = "Xcode 3.2";
			developmentRegion = English;
			hasScannedForEncodings = 0;
			knownRegions = (
				en,
				Base,
			);
			mainGroup = 38C39FFF1DC5FE940032C3CE;
			productRefGroup = 38C3A0091DC5FE940032C3CE /* Products */;
			projectDirPath = "";
			projectRoot = "";
			targets = (
				38C3A0071DC5FE940032C3CE /* AsyncDownloader */,
				38C3A01B1DC5FE950032C3CE /* AsyncDownloaderTests */,
				38C3A0261DC5FE950032C3CE /* AsyncDownloaderUITests */,
			);
		};
/* End PBXProject section */

/* Begin PBXResourcesBuildPhase section */
		38C3A0061DC5FE940032C3CE /* Resources */ = {
			isa = PBXResourcesBuildPhase;
			buildActionMask = 2147483647;
			files = (
				38C3A0161DC5FE940032C3CE /* LaunchScreen.storyboard in Resources */,
				38C3A0131DC5FE940032C3CE /* Assets.xcassets in Resources */,
				38C3A0111DC5FE940032C3CE /* Main.storyboard in Resources */,
			);
			runOnlyForDeploymentPostprocessing = 0;
		};
		38C3A01A1DC5FE950032C3CE /* Resources */ = {
			isa = PBXResourcesBuildPhase;
			buildActionMask = 2147483647;
			files = (
			);
			runOnlyForDeploymentPostprocessing = 0;
		};
		38C3A0251DC5FE950032C3CE /* Resources */ = {
			isa = PBXResourcesBuildPhase;
			buildActionMask = 2147483647;
			files = (
			);
			runOnlyForDeploymentPostprocessing = 0;
		};
/* End PBXResourcesBuildPhase section */

/* Begin PBXSourcesBuildPhase section */
		38C3A0041DC5FE940032C3CE /* Sources */ = {
			isa = PBXSourcesBuildPhase;
			buildActionMask = 2147483647;
			files = (
				387543F81DC6C10400DAACBA /* PhotoCollectionViewCell.swift in Sources */,
				380C95851DC7712F007073A1 /* Extensions.swift in Sources */,
				387543F41DC6BDA100DAACBA /* MainCollectionViewController.swift in Sources */,
				380C95871DC77169007073A1 /* Response.swift in Sources */,
				38D762F51DC602B9005E83CC /* AsyncDownloader.swift in Sources */,
				387543F21DC6BD8600DAACBA /* PinterestLayout.swift in Sources */,
				380C95891DC773D3007073A1 /* Results.swift in Sources */,
				387543F61DC6BE0D00DAACBA /* RoundedCornersView.swift in Sources */,
				387544001DC6C24100DAACBA /* Photo.swift in Sources */,
				38C3A00C1DC5FE940032C3CE /* AppDelegate.swift in Sources */,
			);
			runOnlyForDeploymentPostprocessing = 0;
		};
		38C3A0181DC5FE950032C3CE /* Sources */ = {
			isa = PBXSourcesBuildPhase;
			buildActionMask = 2147483647;
			files = (
				38C3A0211DC5FE950032C3CE /* AsyncDownloaderTests.swift in Sources */,
			);
			runOnlyForDeploymentPostprocessing = 0;
		};
		38C3A0231DC5FE950032C3CE /* Sources */ = {
			isa = PBXSourcesBuildPhase;
			buildActionMask = 2147483647;
			files = (
				38C3A02C1DC5FE950032C3CE /* AsyncDownloaderUITests.swift in Sources */,
			);
			runOnlyForDeploymentPostprocessing = 0;
		};
/* End PBXSourcesBuildPhase section */

/* Begin PBXTargetDependency section */
		38C3A01E1DC5FE950032C3CE /* PBXTargetDependency */ = {
			isa = PBXTargetDependency;
			target = 38C3A0071DC5FE940032C3CE /* AsyncDownloader */;
			targetProxy = 38C3A01D1DC5FE950032C3CE /* PBXContainerItemProxy */;
		};
		38C3A0291DC5FE950032C3CE /* PBXTargetDependency */ = {
			isa = PBXTargetDependency;
			target = 38C3A0071DC5FE940032C3CE /* AsyncDownloader */;
			targetProxy = 38C3A0281DC5FE950032C3CE /* PBXContainerItemProxy */;
		};
/* End PBXTargetDependency section */

/* Begin PBXVariantGroup section */
		38C3A00F1DC5FE940032C3CE /* Main.storyboard */ = {
			isa = PBXVariantGroup;
			children = (
				38C3A0101DC5FE940032C3CE /* Base */,
			);
			name = Main.storyboard;
			sourceTree = "<group>";
		};
		38C3A0141DC5FE940032C3CE /* LaunchScreen.storyboard */ = {
			isa = PBXVariantGroup;
			children = (
				38C3A0151DC5FE940032C3CE /* Base */,
			);
			name = LaunchScreen.storyboard;
			sourceTree = "<group>";
		};
/* End PBXVariantGroup section */

/* Begin XCBuildConfiguration section */
		38C3A02E1DC5FE950032C3CE /* Debug */ = {
			isa = XCBuildConfiguration;
			buildSettings = {
				ALWAYS_SEARCH_USER_PATHS = NO;
				CLANG_ANALYZER_NONNULL = YES;
				CLANG_CXX_LANGUAGE_STANDARD = "gnu++0x";
				CLANG_CXX_LIBRARY = "libc++";
				CLANG_ENABLE_MODULES = YES;
				CLANG_ENABLE_OBJC_ARC = YES;
				CLANG_WARN_BOOL_CONVERSION = YES;
				CLANG_WARN_CONSTANT_CONVERSION = YES;
				CLANG_WARN_DIRECT_OBJC_ISA_USAGE = YES_ERROR;
				CLANG_WARN_DOCUMENTATION_COMMENTS = YES;
				CLANG_WARN_EMPTY_BODY = YES;
				CLANG_WARN_ENUM_CONVERSION = YES;
				CLANG_WARN_INFINITE_RECURSION = YES;
				CLANG_WARN_INT_CONVERSION = YES;
				CLANG_WARN_OBJC_ROOT_CLASS = YES_ERROR;
				CLANG_WARN_SUSPICIOUS_MOVES = YES;
				CLANG_WARN_UNREACHABLE_CODE = YES;
				CLANG_WARN__DUPLICATE_METHOD_MATCH = YES;
				"CODE_SIGN_IDENTITY[sdk=iphoneos*]" = "iPhone Developer";
				COPY_PHASE_STRIP = NO;
				DEBUG_INFORMATION_FORMAT = dwarf;
				ENABLE_STRICT_OBJC_MSGSEND = YES;
				ENABLE_TESTABILITY = YES;
				GCC_C_LANGUAGE_STANDARD = gnu99;
				GCC_DYNAMIC_NO_PIC = NO;
				GCC_NO_COMMON_BLOCKS = YES;
				GCC_OPTIMIZATION_LEVEL = 0;
				GCC_PREPROCESSOR_DEFINITIONS = (
					"DEBUG=1",
					"$(inherited)",
				);
				GCC_WARN_64_TO_32_BIT_CONVERSION = YES;
				GCC_WARN_ABOUT_RETURN_TYPE = YES_ERROR;
				GCC_WARN_UNDECLARED_SELECTOR = YES;
				GCC_WARN_UNINITIALIZED_AUTOS = YES_AGGRESSIVE;
				GCC_WARN_UNUSED_FUNCTION = YES;
				GCC_WARN_UNUSED_VARIABLE = YES;
				IPHONEOS_DEPLOYMENT_TARGET = 10.0;
				MTL_ENABLE_DEBUG_INFO = YES;
				ONLY_ACTIVE_ARCH = YES;
				SDKROOT = iphoneos;
				SWIFT_ACTIVE_COMPILATION_CONDITIONS = DEBUG;
				SWIFT_OPTIMIZATION_LEVEL = "-Onone";
				TARGETED_DEVICE_FAMILY = "1,2";
			};
			name = Debug;
		};
		38C3A02F1DC5FE950032C3CE /* Release */ = {
			isa = XCBuildConfiguration;
			buildSettings = {
				ALWAYS_SEARCH_USER_PATHS = NO;
				CLANG_ANALYZER_NONNULL = YES;
				CLANG_CXX_LANGUAGE_STANDARD = "gnu++0x";
				CLANG_CXX_LIBRARY = "libc++";
				CLANG_ENABLE_MODULES = YES;
				CLANG_ENABLE_OBJC_ARC = YES;
				CLANG_WARN_BOOL_CONVERSION = YES;
				CLANG_WARN_CONSTANT_CONVERSION = YES;
				CLANG_WARN_DIRECT_OBJC_ISA_USAGE = YES_ERROR;
				CLANG_WARN_DOCUMENTATION_COMMENTS = YES;
				CLANG_WARN_EMPTY_BODY = YES;
				CLANG_WARN_ENUM_CONVERSION = YES;
				CLANG_WARN_INFINITE_RECURSION = YES;
				CLANG_WARN_INT_CONVERSION = YES;
				CLANG_WARN_OBJC_ROOT_CLASS = YES_ERROR;
				CLANG_WARN_SUSPICIOUS_MOVES = YES;
				CLANG_WARN_UNREACHABLE_CODE = YES;
				CLANG_WARN__DUPLICATE_METHOD_MATCH = YES;
				"CODE_SIGN_IDENTITY[sdk=iphoneos*]" = "iPhone Developer";
				COPY_PHASE_STRIP = NO;
				DEBUG_INFORMATION_FORMAT = "dwarf-with-dsym";
				ENABLE_NS_ASSERTIONS = NO;
				ENABLE_STRICT_OBJC_MSGSEND = YES;
				GCC_C_LANGUAGE_STANDARD = gnu99;
				GCC_NO_COMMON_BLOCKS = YES;
				GCC_WARN_64_TO_32_BIT_CONVERSION = YES;
				GCC_WARN_ABOUT_RETURN_TYPE = YES_ERROR;
				GCC_WARN_UNDECLARED_SELECTOR = YES;
				GCC_WARN_UNINITIALIZED_AUTOS = YES_AGGRESSIVE;
				GCC_WARN_UNUSED_FUNCTION = YES;
				GCC_WARN_UNUSED_VARIABLE = YES;
				IPHONEOS_DEPLOYMENT_TARGET = 10.0;
				MTL_ENABLE_DEBUG_INFO = NO;
				SDKROOT = iphoneos;
				SWIFT_OPTIMIZATION_LEVEL = "-Owholemodule";
				TARGETED_DEVICE_FAMILY = "1,2";
				VALIDATE_PRODUCT = YES;
			};
			name = Release;
		};
		38C3A0311DC5FE950032C3CE /* Debug */ = {
			isa = XCBuildConfiguration;
			buildSettings = {
				ASSETCATALOG_COMPILER_APPICON_NAME = AppIcon;
				DEVELOPMENT_TEAM = 7CD55P55JM;
				INFOPLIST_FILE = AsyncDownloader/Info.plist;
				IPHONEOS_DEPLOYMENT_TARGET = 8.0;
				LD_RUNPATH_SEARCH_PATHS = "$(inherited) @executable_path/Frameworks";
				PRODUCT_BUNDLE_IDENTIFIER = com.mo7amedelalfy.AsyncDownloader;
				PRODUCT_NAME = "$(TARGET_NAME)";
				SWIFT_VERSION = 3.0;
			};
			name = Debug;
		};
		38C3A0321DC5FE950032C3CE /* Release */ = {
			isa = XCBuildConfiguration;
			buildSettings = {
				ASSETCATALOG_COMPILER_APPICON_NAME = AppIcon;
				DEVELOPMENT_TEAM = 7CD55P55JM;
				INFOPLIST_FILE = AsyncDownloader/Info.plist;
				IPHONEOS_DEPLOYMENT_TARGET = 8.0;
				LD_RUNPATH_SEARCH_PATHS = "$(inherited) @executable_path/Frameworks";
				PRODUCT_BUNDLE_IDENTIFIER = com.mo7amedelalfy.AsyncDownloader;
				PRODUCT_NAME = "$(TARGET_NAME)";
				SWIFT_VERSION = 3.0;
			};
			name = Release;
		};
		38C3A0341DC5FE950032C3CE /* Debug */ = {
			isa = XCBuildConfiguration;
			buildSettings = {
				ALWAYS_EMBED_SWIFT_STANDARD_LIBRARIES = YES;
				BUNDLE_LOADER = "$(TEST_HOST)";
				DEVELOPMENT_TEAM = 7CD55P55JM;
				INFOPLIST_FILE = AsyncDownloaderTests/Info.plist;
				LD_RUNPATH_SEARCH_PATHS = "$(inherited) @executable_path/Frameworks @loader_path/Frameworks";
				PRODUCT_BUNDLE_IDENTIFIER = com.mo7amedelalfy.AsyncDownloaderTests;
				PRODUCT_NAME = "$(TARGET_NAME)";
				SWIFT_VERSION = 3.0;
				TEST_HOST = "$(BUILT_PRODUCTS_DIR)/AsyncDownloader.app/AsyncDownloader";
			};
			name = Debug;
		};
		38C3A0351DC5FE950032C3CE /* Release */ = {
			isa = XCBuildConfiguration;
			buildSettings = {
				ALWAYS_EMBED_SWIFT_STANDARD_LIBRARIES = YES;
				BUNDLE_LOADER = "$(TEST_HOST)";
				DEVELOPMENT_TEAM = 7CD55P55JM;
				INFOPLIST_FILE = AsyncDownloaderTests/Info.plist;
				LD_RUNPATH_SEARCH_PATHS = "$(inherited) @executable_path/Frameworks @loader_path/Frameworks";
				PRODUCT_BUNDLE_IDENTIFIER = com.mo7amedelalfy.AsyncDownloaderTests;
				PRODUCT_NAME = "$(TARGET_NAME)";
				SWIFT_VERSION = 3.0;
				TEST_HOST = "$(BUILT_PRODUCTS_DIR)/AsyncDownloader.app/AsyncDownloader";
			};
			name = Release;
		};
		38C3A0371DC5FE950032C3CE /* Debug */ = {
			isa = XCBuildConfiguration;
			buildSettings = {
				ALWAYS_EMBED_SWIFT_STANDARD_LIBRARIES = YES;
				DEVELOPMENT_TEAM = 7CD55P55JM;
				INFOPLIST_FILE = AsyncDownloaderUITests/Info.plist;
				LD_RUNPATH_SEARCH_PATHS = "$(inherited) @executable_path/Frameworks @loader_path/Frameworks";
				PRODUCT_BUNDLE_IDENTIFIER = com.mo7amedelalfy.AsyncDownloaderUITests;
				PRODUCT_NAME = "$(TARGET_NAME)";
				SWIFT_VERSION = 3.0;
				TEST_TARGET_NAME = AsyncDownloader;
			};
			name = Debug;
		};
		38C3A0381DC5FE950032C3CE /* Release */ = {
			isa = XCBuildConfiguration;
			buildSettings = {
				ALWAYS_EMBED_SWIFT_STANDARD_LIBRARIES = YES;
				DEVELOPMENT_TEAM = 7CD55P55JM;
				INFOPLIST_FILE = AsyncDownloaderUITests/Info.plist;
				LD_RUNPATH_SEARCH_PATHS = "$(inherited) @executable_path/Frameworks @loader_path/Frameworks";
				PRODUCT_BUNDLE_IDENTIFIER = com.mo7amedelalfy.AsyncDownloaderUITests;
				PRODUCT_NAME = "$(TARGET_NAME)";
				SWIFT_VERSION = 3.0;
				TEST_TARGET_NAME = AsyncDownloader;
			};
			name = Release;
		};
/* End XCBuildConfiguration section */

/* Begin XCConfigurationList section */
		38C3A0031DC5FE940032C3CE /* Build configuration list for PBXProject "AsyncDownloader" */ = {
			isa = XCConfigurationList;
			buildConfigurations = (
				38C3A02E1DC5FE950032C3CE /* Debug */,
				38C3A02F1DC5FE950032C3CE /* Release */,
			);
			defaultConfigurationIsVisible = 0;
			defaultConfigurationName = Release;
		};
		38C3A0301DC5FE950032C3CE /* Build configuration list for PBXNativeTarget "AsyncDownloader" */ = {
			isa = XCConfigurationList;
			buildConfigurations = (
				38C3A0311DC5FE950032C3CE /* Debug */,
				38C3A0321DC5FE950032C3CE /* Release */,
			);
			defaultConfigurationIsVisible = 0;
			defaultConfigurationName = Release;
		};
		38C3A0331DC5FE950032C3CE /* Build configuration list for PBXNativeTarget "AsyncDownloaderTests" */ = {
			isa = XCConfigurationList;
			buildConfigurations = (
				38C3A0341DC5FE950032C3CE /* Debug */,
				38C3A0351DC5FE950032C3CE /* Release */,
			);
			defaultConfigurationIsVisible = 0;
			defaultConfigurationName = Release;
		};
		38C3A0361DC5FE950032C3CE /* Build configuration list for PBXNativeTarget "AsyncDownloaderUITests" */ = {
			isa = XCConfigurationList;
			buildConfigurations = (
				38C3A0371DC5FE950032C3CE /* Debug */,
				38C3A0381DC5FE950032C3CE /* Release */,
			);
			defaultConfigurationIsVisible = 0;
			defaultConfigurationName = Release;
		};
/* End XCConfigurationList section */
	};
	rootObject = 38C3A0001DC5FE940032C3CE /* Project object */;
}
